// !$*UTF8*$!
{
	archiveVersion = 1;
	classes = {
	};
	objectVersion = 77;
	objects = {

/* Begin PBXBuildFile section */
		4B45C6E92DB755FF005662BE /* Auth in Frameworks */ = {isa = PBXBuildFile; productRef = 4B45C6E82DB755FF005662BE /* Auth */; };
		4B45C6EB2DB755FF005662BE /* Storage in Frameworks */ = {isa = PBXBuildFile; productRef = 4B45C6EA2DB755FF005662BE /* Storage */; };
		4B45C6ED2DB755FF005662BE /* Supabase in Frameworks */ = {isa = PBXBuildFile; productRef = 4B45C6EC2DB755FF005662BE /* Supabase */; };
/* End PBXBuildFile section */

/* Begin PBXContainerItemProxy section */
		4B45C6182DA4B405005662BE /* PBXContainerItemProxy */ = {
			isa = PBXContainerItemProxy;
			containerPortal = 4B45C5FD2DA4B403005662BE /* Project object */;
			proxyType = 1;
			remoteGlobalIDString = 4B45C6042DA4B403005662BE;
			remoteInfo = InspoReminder;
		};
		4B45C6222DA4B405005662BE /* PBXContainerItemProxy */ = {
			isa = PBXContainerItemProxy;
			containerPortal = 4B45C5FD2DA4B403005662BE /* Project object */;
			proxyType = 1;
			remoteGlobalIDString = 4B45C6042DA4B403005662BE;
			remoteInfo = InspoReminder;
		};
/* End PBXContainerItemProxy section */

/* Begin PBXFileReference section */
		4B45C6052DA4B403005662BE /* InspoReminder.app */ = {isa = PBXFileReference; explicitFileType = wrapper.application; includeInIndex = 0; path = InspoReminder.app; sourceTree = BUILT_PRODUCTS_DIR; };
		4B45C6172DA4B405005662BE /* InspoReminderTests.xctest */ = {isa = PBXFileReference; explicitFileType = wrapper.cfbundle; includeInIndex = 0; path = InspoReminderTests.xctest; sourceTree = BUILT_PRODUCTS_DIR; };
		4B45C6212DA4B405005662BE /* InspoReminderUITests.xctest */ = {isa = PBXFileReference; explicitFileType = wrapper.cfbundle; includeInIndex = 0; path = InspoReminderUITests.xctest; sourceTree = BUILT_PRODUCTS_DIR; };
/* End PBXFileReference section */

/* Begin PBXFileSystemSynchronizedBuildFileExceptionSet section */
		4B45C6E02DB1E985005662BE /* Exceptions for "InspoReminder" folder in "InspoReminder" target */ = {
			isa = PBXFileSystemSynchronizedBuildFileExceptionSet;
			membershipExceptions = (
				Info.plist,
			);
			target = 4B45C6042DA4B403005662BE /* InspoReminder */;
		};
/* End PBXFileSystemSynchronizedBuildFileExceptionSet section */

/* Begin PBXFileSystemSynchronizedRootGroup section */
		4B45C6072DA4B403005662BE /* InspoReminder */ = {
			isa = PBXFileSystemSynchronizedRootGroup;
			exceptions = (
				4B45C6E02DB1E985005662BE /* Exceptions for "InspoReminder" folder in "InspoReminder" target */,
			);
			path = InspoReminder;
			sourceTree = "<group>";
		};
		4B45C61A2DA4B405005662BE /* InspoReminderTests */ = {
			isa = PBXFileSystemSynchronizedRootGroup;
			path = InspoReminderTests;
			sourceTree = "<group>";
		};
		4B45C6242DA4B405005662BE /* InspoReminderUITests */ = {
			isa = PBXFileSystemSynchronizedRootGroup;
			path = InspoReminderUITests;
			sourceTree = "<group>";
		};
/* End PBXFileSystemSynchronizedRootGroup section */

/* Begin PBXFrameworksBuildPhase section */
		4B45C6022DA4B403005662BE /* Frameworks */ = {
			isa = PBXFrameworksBuildPhase;
			buildActionMask = 2147483647;
			files = (
				4B45C6EB2DB755FF005662BE /* Storage in Frameworks */,
				4B45C6E92DB755FF005662BE /* Auth in Frameworks */,
				4B45C6ED2DB755FF005662BE /* Supabase in Frameworks */,
			);
			runOnlyForDeploymentPostprocessing = 0;
		};
		4B45C6142DA4B405005662BE /* Frameworks */ = {
			isa = PBXFrameworksBuildPhase;
			buildActionMask = 2147483647;
			files = (
			);
			runOnlyForDeploymentPostprocessing = 0;
		};
		4B45C61E2DA4B405005662BE /* Frameworks */ = {
			isa = PBXFrameworksBuildPhase;
			buildActionMask = 2147483647;
			files = (
			);
			runOnlyForDeploymentPostprocessing = 0;
		};
/* End PBXFrameworksBuildPhase section */

/* Begin PBXGroup section */
		4B45C5FC2DA4B403005662BE = {
			isa = PBXGroup;
			children = (
				4B45C6072DA4B403005662BE /* InspoReminder */,
				4B45C61A2DA4B405005662BE /* InspoReminderTests */,
				4B45C6242DA4B405005662BE /* InspoReminderUITests */,
				4B45C6062DA4B403005662BE /* Products */,
			);
			sourceTree = "<group>";
		};
		4B45C6062DA4B403005662BE /* Products */ = {
			isa = PBXGroup;
			children = (
				4B45C6052DA4B403005662BE /* InspoReminder.app */,
				4B45C6172DA4B405005662BE /* InspoReminderTests.xctest */,
				4B45C6212DA4B405005662BE /* InspoReminderUITests.xctest */,
			);
			name = Products;
			sourceTree = "<group>";
		};
/* End PBXGroup section */

/* Begin PBXNativeTarget section */
		4B45C6042DA4B403005662BE /* InspoReminder */ = {
			isa = PBXNativeTarget;
			buildConfigurationList = 4B45C62B2DA4B405005662BE /* Build configuration list for PBXNativeTarget "InspoReminder" */;
			buildPhases = (
				4B45C6012DA4B403005662BE /* Sources */,
				4B45C6022DA4B403005662BE /* Frameworks */,
				4B45C6032DA4B403005662BE /* Resources */,
			);
			buildRules = (
			);
			dependencies = (
			);
			fileSystemSynchronizedGroups = (
				4B45C6072DA4B403005662BE /* InspoReminder */,
			);
			name = InspoReminder;
			packageProductDependencies = (
				4B45C6E82DB755FF005662BE /* Auth */,
				4B45C6EA2DB755FF005662BE /* Storage */,
				4B45C6EC2DB755FF005662BE /* Supabase */,
			);
			productName = InspoReminder;
			productReference = 4B45C6052DA4B403005662BE /* InspoReminder.app */;
			productType = "com.apple.product-type.application";
		};
		4B45C6162DA4B405005662BE /* InspoReminderTests */ = {
			isa = PBXNativeTarget;
			buildConfigurationList = 4B45C62E2DA4B405005662BE /* Build configuration list for PBXNativeTarget "InspoReminderTests" */;
			buildPhases = (
				4B45C6132DA4B405005662BE /* Sources */,
				4B45C6142DA4B405005662BE /* Frameworks */,
				4B45C6152DA4B405005662BE /* Resources */,
			);
			buildRules = (
			);
			dependencies = (
				4B45C6192DA4B405005662BE /* PBXTargetDependency */,
			);
			fileSystemSynchronizedGroups = (
				4B45C61A2DA4B405005662BE /* InspoReminderTests */,
			);
			name = InspoReminderTests;
			packageProductDependencies = (
			);
			productName = InspoReminderTests;
			productReference = 4B45C6172DA4B405005662BE /* InspoReminderTests.xctest */;
			productType = "com.apple.product-type.bundle.unit-test";
		};
		4B45C6202DA4B405005662BE /* InspoReminderUITests */ = {
			isa = PBXNativeTarget;
			buildConfigurationList = 4B45C6312DA4B405005662BE /* Build configuration list for PBXNativeTarget "InspoReminderUITests" */;
			buildPhases = (
				4B45C61D2DA4B405005662BE /* Sources */,
				4B45C61E2DA4B405005662BE /* Frameworks */,
				4B45C61F2DA4B405005662BE /* Resources */,
			);
			buildRules = (
			);
			dependencies = (
				4B45C6232DA4B405005662BE /* PBXTargetDependency */,
			);
			fileSystemSynchronizedGroups = (
				4B45C6242DA4B405005662BE /* InspoReminderUITests */,
			);
			name = InspoReminderUITests;
			packageProductDependencies = (
			);
			productName = InspoReminderUITests;
			productReference = 4B45C6212DA4B405005662BE /* InspoReminderUITests.xctest */;
			productType = "com.apple.product-type.bundle.ui-testing";
		};
/* End PBXNativeTarget section */

/* Begin PBXProject section */
		4B45C5FD2DA4B403005662BE /* Project object */ = {
			isa = PBXProject;
			attributes = {
				BuildIndependentTargetsInParallel = 1;
				LastSwiftUpdateCheck = 1600;
				LastUpgradeCheck = 1600;
				TargetAttributes = {
					4B45C6042DA4B403005662BE = {
						CreatedOnToolsVersion = 16.0;
					};
					4B45C6162DA4B405005662BE = {
						CreatedOnToolsVersion = 16.0;
						TestTargetID = 4B45C6042DA4B403005662BE;
					};
					4B45C6202DA4B405005662BE = {
						CreatedOnToolsVersion = 16.0;
						TestTargetID = 4B45C6042DA4B403005662BE;
					};
				};
			};
			buildConfigurationList = 4B45C6002DA4B403005662BE /* Build configuration list for PBXProject "InspoReminder" */;
			developmentRegion = en;
			hasScannedForEncodings = 0;
			knownRegions = (
				en,
				Base,
			);
			mainGroup = 4B45C5FC2DA4B403005662BE;
			minimizedProjectReferenceProxies = 1;
			packageReferences = (
				4B45C6E72DB755FF005662BE /* XCRemoteSwiftPackageReference "supabase-swift" */,
			);
			preferredProjectObjectVersion = 77;
			productRefGroup = 4B45C6062DA4B403005662BE /* Products */;
			projectDirPath = "";
			projectRoot = "";
			targets = (
				4B45C6042DA4B403005662BE /* InspoReminder */,
				4B45C6162DA4B405005662BE /* InspoReminderTests */,
				4B45C6202DA4B405005662BE /* InspoReminderUITests */,
			);
		};
/* End PBXProject section */

/* Begin PBXResourcesBuildPhase section */
		4B45C6032DA4B403005662BE /* Resources */ = {
			isa = PBXResourcesBuildPhase;
			buildActionMask = 2147483647;
			files = (
			);
			runOnlyForDeploymentPostprocessing = 0;
		};
		4B45C6152DA4B405005662BE /* Resources */ = {
			isa = PBXResourcesBuildPhase;
			buildActionMask = 2147483647;
			files = (
			);
			runOnlyForDeploymentPostprocessing = 0;
		};
		4B45C61F2DA4B405005662BE /* Resources */ = {
			isa = PBXResourcesBuildPhase;
			buildActionMask = 2147483647;
			files = (
			);
			runOnlyForDeploymentPostprocessing = 0;
		};
/* End PBXResourcesBuildPhase section */

/* Begin PBXSourcesBuildPhase section */
		4B45C6012DA4B403005662BE /* Sources */ = {
			isa = PBXSourcesBuildPhase;
			buildActionMask = 2147483647;
			files = (
			);
			runOnlyForDeploymentPostprocessing = 0;
		};
		4B45C6132DA4B405005662BE /* Sources */ = {
			isa = PBXSourcesBuildPhase;
			buildActionMask = 2147483647;
			files = (
			);
			runOnlyForDeploymentPostprocessing = 0;
		};
		4B45C61D2DA4B405005662BE /* Sources */ = {
			isa = PBXSourcesBuildPhase;
			buildActionMask = 2147483647;
			files = (
			);
			runOnlyForDeploymentPostprocessing = 0;
		};
/* End PBXSourcesBuildPhase section */

/* Begin PBXTargetDependency section */
		4B45C6192DA4B405005662BE /* PBXTargetDependency */ = {
			isa = PBXTargetDependency;
			target = 4B45C6042DA4B403005662BE /* InspoReminder */;
			targetProxy = 4B45C6182DA4B405005662BE /* PBXContainerItemProxy */;
		};
		4B45C6232DA4B405005662BE /* PBXTargetDependency */ = {
			isa = PBXTargetDependency;
			target = 4B45C6042DA4B403005662BE /* InspoReminder */;
			targetProxy = 4B45C6222DA4B405005662BE /* PBXContainerItemProxy */;
		};
/* End PBXTargetDependency section */

/* Begin XCBuildConfiguration section */
		4B45C6292DA4B405005662BE /* Debug */ = {
			isa = XCBuildConfiguration;
			buildSettings = {
				ALWAYS_SEARCH_USER_PATHS = NO;
				ASSETCATALOG_COMPILER_GENERATE_SWIFT_ASSET_SYMBOL_EXTENSIONS = YES;
				CLANG_ANALYZER_NONNULL = YES;
				CLANG_ANALYZER_NUMBER_OBJECT_CONVERSION = YES_AGGRESSIVE;
				CLANG_CXX_LANGUAGE_STANDARD = "gnu++20";
				CLANG_ENABLE_MODULES = YES;
				CLANG_ENABLE_OBJC_ARC = YES;
				CLANG_ENABLE_OBJC_WEAK = YES;
				CLANG_WARN_BLOCK_CAPTURE_AUTORELEASING = YES;
				CLANG_WARN_BOOL_CONVERSION = YES;
				CLANG_WARN_COMMA = YES;
				CLANG_WARN_CONSTANT_CONVERSION = YES;
				CLANG_WARN_DEPRECATED_OBJC_IMPLEMENTATIONS = YES;
				CLANG_WARN_DIRECT_OBJC_ISA_USAGE = YES_ERROR;
				CLANG_WARN_DOCUMENTATION_COMMENTS = YES;
				CLANG_WARN_EMPTY_BODY = YES;
				CLANG_WARN_ENUM_CONVERSION = YES;
				CLANG_WARN_INFINITE_RECURSION = YES;
				CLANG_WARN_INT_CONVERSION = YES;
				CLANG_WARN_NON_LITERAL_NULL_CONVERSION = YES;
				CLANG_WARN_OBJC_IMPLICIT_RETAIN_SELF = YES;
				CLANG_WARN_OBJC_LITERAL_CONVERSION = YES;
				CLANG_WARN_OBJC_ROOT_CLASS = YES_ERROR;
				CLANG_WARN_QUOTED_INCLUDE_IN_FRAMEWORK_HEADER = YES;
				CLANG_WARN_RANGE_LOOP_ANALYSIS = YES;
				CLANG_WARN_STRICT_PROTOTYPES = YES;
				CLANG_WARN_SUSPICIOUS_MOVE = YES;
				CLANG_WARN_UNGUARDED_AVAILABILITY = YES_AGGRESSIVE;
				CLANG_WARN_UNREACHABLE_CODE = YES;
				CLANG_WARN__DUPLICATE_METHOD_MATCH = YES;
				COPY_PHASE_STRIP = NO;
				DEBUG_INFORMATION_FORMAT = dwarf;
				ENABLE_STRICT_OBJC_MSGSEND = YES;
				ENABLE_TESTABILITY = YES;
				ENABLE_USER_SCRIPT_SANDBOXING = YES;
				GCC_C_LANGUAGE_STANDARD = gnu17;
				GCC_DYNAMIC_NO_PIC = NO;
				GCC_NO_COMMON_BLOCKS = YES;
				GCC_OPTIMIZATION_LEVEL = 0;
				GCC_PREPROCESSOR_DEFINITIONS = (
					"DEBUG=1",
					"$(inherited)",
				);
				GCC_WARN_64_TO_32_BIT_CONVERSION = YES;
				GCC_WARN_ABOUT_RETURN_TYPE = YES_ERROR;
				GCC_WARN_UNDECLARED_SELECTOR = YES;
				GCC_WARN_UNINITIALIZED_AUTOS = YES_AGGRESSIVE;
				GCC_WARN_UNUSED_FUNCTION = YES;
				GCC_WARN_UNUSED_VARIABLE = YES;
				IPHONEOS_DEPLOYMENT_TARGET = 18.0;
				LOCALIZATION_PREFERS_STRING_CATALOGS = YES;
				MTL_ENABLE_DEBUG_INFO = INCLUDE_SOURCE;
				MTL_FAST_MATH = YES;
				ONLY_ACTIVE_ARCH = YES;
				SDKROOT = iphoneos;
				SWIFT_ACTIVE_COMPILATION_CONDITIONS = "DEBUG $(inherited)";
				SWIFT_OPTIMIZATION_LEVEL = "-Onone";
			};
			name = Debug;
		};
		4B45C62A2DA4B405005662BE /* Release */ = {
			isa = XCBuildConfiguration;
			buildSettings = {
				ALWAYS_SEARCH_USER_PATHS = NO;
				ASSETCATALOG_COMPILER_GENERATE_SWIFT_ASSET_SYMBOL_EXTENSIONS = YES;
				CLANG_ANALYZER_NONNULL = YES;
				CLANG_ANALYZER_NUMBER_OBJECT_CONVERSION = YES_AGGRESSIVE;
				CLANG_CXX_LANGUAGE_STANDARD = "gnu++20";
				CLANG_ENABLE_MODULES = YES;
				CLANG_ENABLE_OBJC_ARC = YES;
				CLANG_ENABLE_OBJC_WEAK = YES;
				CLANG_WARN_BLOCK_CAPTURE_AUTORELEASING = YES;
				CLANG_WARN_BOOL_CONVERSION = YES;
				CLANG_WARN_COMMA = YES;
				CLANG_WARN_CONSTANT_CONVERSION = YES;
				CLANG_WARN_DEPRECATED_OBJC_IMPLEMENTATIONS = YES;
				CLANG_WARN_DIRECT_OBJC_ISA_USAGE = YES_ERROR;
				CLANG_WARN_DOCUMENTATION_COMMENTS = YES;
				CLANG_WARN_EMPTY_BODY = YES;
				CLANG_WARN_ENUM_CONVERSION = YES;
				CLANG_WARN_INFINITE_RECURSION = YES;
				CLANG_WARN_INT_CONVERSION = YES;
				CLANG_WARN_NON_LITERAL_NULL_CONVERSION = YES;
				CLANG_WARN_OBJC_IMPLICIT_RETAIN_SELF = YES;
				CLANG_WARN_OBJC_LITERAL_CONVERSION = YES;
				CLANG_WARN_OBJC_ROOT_CLASS = YES_ERROR;
				CLANG_WARN_QUOTED_INCLUDE_IN_FRAMEWORK_HEADER = YES;
				CLANG_WARN_RANGE_LOOP_ANALYSIS = YES;
				CLANG_WARN_STRICT_PROTOTYPES = YES;
				CLANG_WARN_SUSPICIOUS_MOVE = YES;
				CLANG_WARN_UNGUARDED_AVAILABILITY = YES_AGGRESSIVE;
				CLANG_WARN_UNREACHABLE_CODE = YES;
				CLANG_WARN__DUPLICATE_METHOD_MATCH = YES;
				COPY_PHASE_STRIP = NO;
				DEBUG_INFORMATION_FORMAT = "dwarf-with-dsym";
				ENABLE_NS_ASSERTIONS = NO;
				ENABLE_STRICT_OBJC_MSGSEND = YES;
				ENABLE_USER_SCRIPT_SANDBOXING = YES;
				GCC_C_LANGUAGE_STANDARD = gnu17;
				GCC_NO_COMMON_BLOCKS = YES;
				GCC_WARN_64_TO_32_BIT_CONVERSION = YES;
				GCC_WARN_ABOUT_RETURN_TYPE = YES_ERROR;
				GCC_WARN_UNDECLARED_SELECTOR = YES;
				GCC_WARN_UNINITIALIZED_AUTOS = YES_AGGRESSIVE;
				GCC_WARN_UNUSED_FUNCTION = YES;
				GCC_WARN_UNUSED_VARIABLE = YES;
				IPHONEOS_DEPLOYMENT_TARGET = 18.0;
				LOCALIZATION_PREFERS_STRING_CATALOGS = YES;
				MTL_ENABLE_DEBUG_INFO = NO;
				MTL_FAST_MATH = YES;
				SDKROOT = iphoneos;
				SWIFT_COMPILATION_MODE = wholemodule;
				VALIDATE_PRODUCT = YES;
			};
			name = Release;
		};
		4B45C62C2DA4B405005662BE /* Debug */ = {
			isa = XCBuildConfiguration;
			buildSettings = {
				ASSETCATALOG_COMPILER_APPICON_NAME = AppIcon;
				ASSETCATALOG_COMPILER_GLOBAL_ACCENT_COLOR_NAME = AccentColor;
				CODE_SIGN_ENTITLEMENTS = InspoReminder/InspoReminder.entitlements;
				CODE_SIGN_STYLE = Automatic;
				CURRENT_PROJECT_VERSION = 1;
				DEVELOPMENT_ASSET_PATHS = "\"InspoReminder/Preview Content\"";
				DEVELOPMENT_TEAM = U4NQ6TW82F;
				ENABLE_PREVIEWS = YES;
				GENERATE_INFOPLIST_FILE = YES;
				INFOPLIST_KEY_CFBundleDisplayName = "Visionary Vault";
				INFOPLIST_KEY_UIApplicationSceneManifest_Generation = YES;
				INFOPLIST_KEY_UIApplicationSupportsIndirectInputEvents = YES;
				INFOPLIST_KEY_UILaunchScreen_Generation = YES;
				INFOPLIST_KEY_UISupportedInterfaceOrientations_iPad = "UIInterfaceOrientationPortrait UIInterfaceOrientationPortraitUpsideDown UIInterfaceOrientationLandscapeLeft UIInterfaceOrientationLandscapeRight";
				INFOPLIST_KEY_UISupportedInterfaceOrientations_iPhone = "UIInterfaceOrientationPortrait UIInterfaceOrientationLandscapeLeft UIInterfaceOrientationLandscapeRight";
				LD_RUNPATH_SEARCH_PATHS = (
					"$(inherited)",
					"@executable_path/Frameworks",
				);
				MARKETING_VERSION = 1.0;
				PRODUCT_BUNDLE_IDENTIFIER = yh.InspoReminder;
				PRODUCT_NAME = "$(TARGET_NAME)";
				SWIFT_EMIT_LOC_STRINGS = YES;
				SWIFT_VERSION = 5.0;
				TARGETED_DEVICE_FAMILY = "1,2";
			};
			name = Debug;
		};
		4B45C62D2DA4B405005662BE /* Release */ = {
			isa = XCBuildConfiguration;
			buildSettings = {
				ASSETCATALOG_COMPILER_APPICON_NAME = AppIcon;
				ASSETCATALOG_COMPILER_GLOBAL_ACCENT_COLOR_NAME = AccentColor;
				CODE_SIGN_ENTITLEMENTS = InspoReminder/InspoReminder.entitlements;
				CODE_SIGN_STYLE = Automatic;
				CURRENT_PROJECT_VERSION = 1;
				DEVELOPMENT_ASSET_PATHS = "\"InspoReminder/Preview Content\"";
				DEVELOPMENT_TEAM = U4NQ6TW82F;
				ENABLE_PREVIEWS = YES;
				GENERATE_INFOPLIST_FILE = YES;
				INFOPLIST_KEY_CFBundleDisplayName = "Visionary Vault";
				INFOPLIST_KEY_UIApplicationSceneManifest_Generation = YES;
				INFOPLIST_KEY_UIApplicationSupportsIndirectInputEvents = YES;
				INFOPLIST_KEY_UILaunchScreen_Generation = YES;
				INFOPLIST_KEY_UISupportedInterfaceOrientations_iPad = "UIInterfaceOrientationPortrait UIInterfaceOrientationPortraitUpsideDown UIInterfaceOrientationLandscapeLeft UIInterfaceOrientationLandscapeRight";
				INFOPLIST_KEY_UISupportedInterfaceOrientations_iPhone = "UIInterfaceOrientationPortrait UIInterfaceOrientationLandscapeLeft UIInterfaceOrientationLandscapeRight";
				LD_RUNPATH_SEARCH_PATHS = (
					"$(inherited)",
					"@executable_path/Frameworks",
				);
				MARKETING_VERSION = 1.0;
				PRODUCT_BUNDLE_IDENTIFIER = yh.InspoReminder;
				PRODUCT_NAME = "$(TARGET_NAME)";
				SWIFT_EMIT_LOC_STRINGS = YES;
				SWIFT_VERSION = 5.0;
				TARGETED_DEVICE_FAMILY = "1,2";
			};
			name = Release;
		};
		4B45C62F2DA4B405005662BE /* Debug */ = {
			isa = XCBuildConfiguration;
			buildSettings = {
				BUNDLE_LOADER = "$(TEST_HOST)";
				CODE_SIGN_STYLE = Automatic;
				CURRENT_PROJECT_VERSION = 1;
				DEVELOPMENT_TEAM = U4NQ6TW82F;
				GENERATE_INFOPLIST_FILE = YES;
				IPHONEOS_DEPLOYMENT_TARGET = 18.0;
				MARKETING_VERSION = 1.0;
				PRODUCT_BUNDLE_IDENTIFIER = yh.InspoReminderTests;
				PRODUCT_NAME = "$(TARGET_NAME)";
				SWIFT_EMIT_LOC_STRINGS = NO;
				SWIFT_VERSION = 5.0;
				TARGETED_DEVICE_FAMILY = "1,2";
				TEST_HOST = "$(BUILT_PRODUCTS_DIR)/InspoReminder.app/$(BUNDLE_EXECUTABLE_FOLDER_PATH)/InspoReminder";
			};
			name = Debug;
		};
		4B45C6302DA4B405005662BE /* Release */ = {
			isa = XCBuildConfiguration;
			buildSettings = {
				BUNDLE_LOADER = "$(TEST_HOST)";
				CODE_SIGN_STYLE = Automatic;
				CURRENT_PROJECT_VERSION = 1;
				DEVELOPMENT_TEAM = U4NQ6TW82F;
				GENERATE_INFOPLIST_FILE = YES;
				IPHONEOS_DEPLOYMENT_TARGET = 18.0;
				MARKETING_VERSION = 1.0;
				PRODUCT_BUNDLE_IDENTIFIER = yh.InspoReminderTests;
				PRODUCT_NAME = "$(TARGET_NAME)";
				SWIFT_EMIT_LOC_STRINGS = NO;
				SWIFT_VERSION = 5.0;
				TARGETED_DEVICE_FAMILY = "1,2";
				TEST_HOST = "$(BUILT_PRODUCTS_DIR)/InspoReminder.app/$(BUNDLE_EXECUTABLE_FOLDER_PATH)/InspoReminder";
			};
			name = Release;
		};
		4B45C6322DA4B405005662BE /* Debug */ = {
			isa = XCBuildConfiguration;
			buildSettings = {
				CODE_SIGN_STYLE = Automatic;
				CURRENT_PROJECT_VERSION = 1;
				DEVELOPMENT_TEAM = U4NQ6TW82F;
				GENERATE_INFOPLIST_FILE = YES;
				MARKETING_VERSION = 1.0;
				PRODUCT_BUNDLE_IDENTIFIER = yh.InspoReminderUITests;
				PRODUCT_NAME = "$(TARGET_NAME)";
				SWIFT_EMIT_LOC_STRINGS = NO;
				SWIFT_VERSION = 5.0;
				TARGETED_DEVICE_FAMILY = "1,2";
				TEST_TARGET_NAME = InspoReminder;
			};
			name = Debug;
		};
		4B45C6332DA4B405005662BE /* Release */ = {
			isa = XCBuildConfiguration;
			buildSettings = {
				CODE_SIGN_STYLE = Automatic;
				CURRENT_PROJECT_VERSION = 1;
				DEVELOPMENT_TEAM = U4NQ6TW82F;
				GENERATE_INFOPLIST_FILE = YES;
				MARKETING_VERSION = 1.0;
				PRODUCT_BUNDLE_IDENTIFIER = yh.InspoReminderUITests;
				PRODUCT_NAME = "$(TARGET_NAME)";
				SWIFT_EMIT_LOC_STRINGS = NO;
				SWIFT_VERSION = 5.0;
				TARGETED_DEVICE_FAMILY = "1,2";
				TEST_TARGET_NAME = InspoReminder;
			};
			name = Release;
		};
/* End XCBuildConfiguration section */

/* Begin XCConfigurationList section */
		4B45C6002DA4B403005662BE /* Build configuration list for PBXProject "InspoReminder" */ = {
			isa = XCConfigurationList;
			buildConfigurations = (
				4B45C6292DA4B405005662BE /* Debug */,
				4B45C62A2DA4B405005662BE /* Release */,
			);
			defaultConfigurationIsVisible = 0;
			defaultConfigurationName = Release;
		};
		4B45C62B2DA4B405005662BE /* Build configuration list for PBXNativeTarget "InspoReminder" */ = {
			isa = XCConfigurationList;
			buildConfigurations = (
				4B45C62C2DA4B405005662BE /* Debug */,
				4B45C62D2DA4B405005662BE /* Release */,
			);
			defaultConfigurationIsVisible = 0;
			defaultConfigurationName = Release;
		};
		4B45C62E2DA4B405005662BE /* Build configuration list for PBXNativeTarget "InspoReminderTests" */ = {
			isa = XCConfigurationList;
			buildConfigurations = (
				4B45C62F2DA4B405005662BE /* Debug */,
				4B45C6302DA4B405005662BE /* Release */,
			);
			defaultConfigurationIsVisible = 0;
			defaultConfigurationName = Release;
		};
		4B45C6312DA4B405005662BE /* Build configuration list for PBXNativeTarget "InspoReminderUITests" */ = {
			isa = XCConfigurationList;
			buildConfigurations = (
				4B45C6322DA4B405005662BE /* Debug */,
				4B45C6332DA4B405005662BE /* Release */,
			);
			defaultConfigurationIsVisible = 0;
			defaultConfigurationName = Release;
		};
/* End XCConfigurationList section */

/* Begin XCRemoteSwiftPackageReference section */
		4B45C6E72DB755FF005662BE /* XCRemoteSwiftPackageReference "supabase-swift" */ = {
			isa = XCRemoteSwiftPackageReference;
			repositoryURL = "https://github.com/supabase-community/supabase-swift.git";
			requirement = {
				kind = upToNextMajorVersion;
				minimumVersion = 2.5.1;
			};
		};
/* End XCRemoteSwiftPackageReference section */

/* Begin XCSwiftPackageProductDependency section */
		4B45C6E82DB755FF005662BE /* Auth */ = {
			isa = XCSwiftPackageProductDependency;
			package = 4B45C6E72DB755FF005662BE /* XCRemoteSwiftPackageReference "supabase-swift" */;
			productName = Auth;
		};
		4B45C6EA2DB755FF005662BE /* Storage */ = {
			isa = XCSwiftPackageProductDependency;
			package = 4B45C6E72DB755FF005662BE /* XCRemoteSwiftPackageReference "supabase-swift" */;
			productName = Storage;
		};
		4B45C6EC2DB755FF005662BE /* Supabase */ = {
			isa = XCSwiftPackageProductDependency;
			package = 4B45C6E72DB755FF005662BE /* XCRemoteSwiftPackageReference "supabase-swift" */;
			productName = Supabase;
		};
/* End XCSwiftPackageProductDependency section */
	};
	rootObject = 4B45C5FD2DA4B403005662BE /* Project object */;
}
